<?xml version="1.0" encoding="UTF-8"?>
<CONFIG>
  <ProjectOptions>
    <Version Value="10"/>
    <PathDelim Value="\"/>
    <General>
      <SessionStorage Value="InProjectDir"/>
      <MainUnit Value="0"/>
      <Title Value="cryptocontrol"/>
      <Scaled Value="True"/>
      <ResourceType Value="res"/>
      <UseXPManifest Value="True"/>
      <XPManifest>
        <DpiAware Value="True"/>
      </XPManifest>
      <Icon Value="0"/>
    </General>
    <BuildModes Count="1">
      <Item1 Name="Default" Default="True"/>
    </BuildModes>
    <PublishOptions>
      <Version Value="2"/>
    </PublishOptions>
    <RunParams>
      <local>
        <FormatVersion Value="1"/>
      </local>
    </RunParams>
    <RequiredPackages Count="3">
      <Item1>
        <PackageName Value="jvComponents"/>
      </Item1>
      <Item2>
        <PackageName Value="DateTimeCtrls"/>
      </Item2>
      <Item3>
        <PackageName Value="LCL"/>
      </Item3>
    </RequiredPackages>
    <Units Count="20">
      <Unit0>
        <Filename Value="cryptocontrol.lpr"/>
        <IsPartOfProject Value="True"/>
      </Unit0>
      <Unit1>
        <Filename Value="main.pas"/>
        <IsPartOfProject Value="True"/>
        <ComponentName Value="mainform"/>
        <HasResources Value="True"/>
        <ResourceBaseClass Value="Form"/>
      </Unit1>
      <Unit2>
        <Filename Value="ucryptomanager.pas"/>
        <IsPartOfProject Value="True"/>
        <ComponentName Value="fcryptomanager"/>
        <HasResources Value="True"/>
        <ResourceBaseClass Value="Form"/>
      </Unit2>
      <Unit3>
        <Filename Value="ucryptos.pas"/>
        <IsPartOfProject Value="True"/>
      </Unit3>
      <Unit4>
        <Filename Value="uwallets.pas"/>
        <IsPartOfProject Value="True"/>
      </Unit4>
      <Unit5>
        <Filename Value="unewcrypto.pas"/>
        <IsPartOfProject Value="True"/>
        <ComponentName Value="fnewcrypto"/>
        <HasResources Value="True"/>
        <ResourceBaseClass Value="Form"/>
      </Unit5>
      <Unit6>
        <Filename Value="uwalletmanager.pas"/>
        <IsPartOfProject Value="True"/>
        <ComponentName Value="fwalletmanager"/>
        <HasResources Value="True"/>
        <ResourceBaseClass Value="Form"/>
      </Unit6>
      <Unit7>
        <Filename Value="unewwallet.pas"/>
        <IsPartOfProject Value="True"/>
        <ComponentName Value="fnewWallet"/>
        <HasResources Value="True"/>
        <ResourceBaseClass Value="Form"/>
      </Unit7>
      <Unit8>
        <Filename Value="utils.pas"/>
        <IsPartOfProject Value="True"/>
      </Unit8>
      <Unit9>
        <Filename Value="umovementmanager.pas"/>
        <IsPartOfProject Value="True"/>
        <ComponentName Value="fMovementsManager"/>
        <HasResources Value="True"/>
        <ResourceBaseClass Value="Form"/>
        <UnitName Value="umovementManager"/>
      </Unit9>
      <Unit10>
        <Filename Value="umovements.pas"/>
        <IsPartOfProject Value="True"/>
      </Unit10>
      <Unit11>
        <Filename Value="ubuycrypto.pas"/>
        <IsPartOfProject Value="True"/>
        <ComponentName Value="fbuycrypto"/>
        <HasResources Value="True"/>
        <ResourceBaseClass Value="Form"/>
      </Unit11>
      <Unit12>
        <Filename Value="umovementscompute.pas"/>
        <IsPartOfProject Value="True"/>
      </Unit12>
      <Unit13>
        <Filename Value="utransfercrytos.pas"/>
        <IsPartOfProject Value="True"/>
        <ComponentName Value="ftransfercrytps"/>
        <HasResources Value="True"/>
        <ResourceBaseClass Value="Form"/>
      </Unit13>
      <Unit14>
        <Filename Value="uwallethistory.pas"/>
        <IsPartOfProject Value="True"/>
      </Unit14>
      <Unit15>
        <Filename Value="uabout.pas"/>
        <IsPartOfProject Value="True"/>
        <ComponentName Value="fAbout"/>
        <ResourceBaseClass Value="Form"/>
      </Unit15>
      <Unit16>
        <Filename Value="ureport.pas"/>
        <IsPartOfProject Value="True"/>
        <ComponentName Value="freport"/>
        <HasResources Value="True"/>
        <ResourceBaseClass Value="Form"/>
      </Unit16>
      <Unit17>
        <Filename Value="ushellcryptos.pas"/>
        <IsPartOfProject Value="True"/>
        <ComponentName Value="fshellcryptos"/>
        <HasResources Value="True"/>
        <ResourceBaseClass Value="Form"/>
      </Unit17>
      <Unit18>
        <Filename Value="ucomunicacion.pas"/>
        <IsPartOfProject Value="True"/>
      </Unit18>
      <Unit19>
        <Filename Value="uconfig.pas"/>
        <IsPartOfProject Value="True"/>
      </Unit19>
    </Units>
  </ProjectOptions>
  <CompilerOptions>
    <Version Value="11"/>
    <PathDelim Value="\"/>
    <Target>
      <Filename Value="cryptocontrol"/>
    </Target>
    <SearchPaths>
      <IncludeFiles Value="$(ProjOutDir)"/>
      <UnitOutputDirectory Value="lib\$(TargetCPU)-$(TargetOS)"/>
    </SearchPaths>
    <Linking>
      <Options>
        <Win32>
          <GraphicApplication Value="True"/>
        </Win32>
      </Options>
    </Linking>
  </CompilerOptions>
  <Debugging>
    <Exceptions Count="3">
      <Item1>
        <Name Value="EAbort"/>
      </Item1>
      <Item2>
        <Name Value="ECodetoolError"/>
      </Item2>
      <Item3>
        <Name Value="EFOpenError"/>
      </Item3>
    </Exceptions>
  </Debugging>
</CONFIG>
